
Microsoft Visual Studio Solution File, Format Version 12.00
# Visual Studio Version 17
VisualStudioVersion = 17.14.36203.30
MinimumVisualStudioVersion = 10.0.40219.1
Project("{FAE04EC0-301F-11D3-BF4B-00C04F79EFBC}") = "Project.API", "Project.API.csproj", "{77C87436-B195-487A-9292-FF13F97BF2D5}"
EndProject
Project("{FAE04EC0-301F-11D3-BF4B-00C04F79EFBC}") = "Project.Domain", "..\Project.Domain\Project.Domain.csproj", "{73E1B02C-ED96-45CD-9439-8B939C0A5487}"
EndProject
Project("{FAE04EC0-301F-11D3-BF4B-00C04F79EFBC}") = "Project.Application", "..\Project.Application\Project.Application.csproj", "{A5BFA0F4-BEC0-4460-9AFB-0773E20F168F}"
EndProject
Project("{FAE04EC0-301F-11D3-BF4B-00C04F79EFBC}") = "Project.Infrastructure", "..\Project.Infrastructure\Project.Infrastructure.csproj", "{58F5B095-4A98-4202-B8B0-58FECA2ACF9B}"
EndProject
Project("{FAE04EC0-301F-11D3-BF4B-00C04F79EFBC}") = "Project.Domain.Tests", "..\Project.Domain.Tests\Project.Domain.Tests.csproj", "{9CE07260-7260-405D-9C47-536569FC3EA0}"
EndProject
Global
	GlobalSection(SolutionConfigurationPlatforms) = preSolution
		Debug|Any CPU = Debug|Any CPU
		Debug|x64 = Debug|x64
		Debug|x86 = Debug|x86
		Release|Any CPU = Release|Any CPU
		Release|x64 = Release|x64
		Release|x86 = Release|x86
	EndGlobalSection
	GlobalSection(ProjectConfigurationPlatforms) = postSolution
		{77C87436-B195-487A-9292-FF13F97BF2D5}.Debug|Any CPU.ActiveCfg = Debug|Any CPU
		{77C87436-B195-487A-9292-FF13F97BF2D5}.Debug|Any CPU.Build.0 = Debug|Any CPU
		{77C87436-B195-487A-9292-FF13F97BF2D5}.Debug|x64.ActiveCfg = Debug|Any CPU
		{77C87436-B195-487A-9292-FF13F97BF2D5}.Debug|x64.Build.0 = Debug|Any CPU
		{77C87436-B195-487A-9292-FF13F97BF2D5}.Debug|x86.ActiveCfg = Debug|Any CPU
		{77C87436-B195-487A-9292-FF13F97BF2D5}.Debug|x86.Build.0 = Debug|Any CPU
		{77C87436-B195-487A-9292-FF13F97BF2D5}.Release|Any CPU.ActiveCfg = Release|Any CPU
		{77C87436-B195-487A-9292-FF13F97BF2D5}.Release|Any CPU.Build.0 = Release|Any CPU
		{77C87436-B195-487A-9292-FF13F97BF2D5}.Release|x64.ActiveCfg = Release|Any CPU
		{77C87436-B195-487A-9292-FF13F97BF2D5}.Release|x64.Build.0 = Release|Any CPU
		{77C87436-B195-487A-9292-FF13F97BF2D5}.Release|x86.ActiveCfg = Release|Any CPU
		{77C87436-B195-487A-9292-FF13F97BF2D5}.Release|x86.Build.0 = Release|Any CPU
		{73E1B02C-ED96-45CD-9439-8B939C0A5487}.Debug|Any CPU.ActiveCfg = Debug|Any CPU
		{73E1B02C-ED96-45CD-9439-8B939C0A5487}.Debug|Any CPU.Build.0 = Debug|Any CPU
		{73E1B02C-ED96-45CD-9439-8B939C0A5487}.Debug|x64.ActiveCfg = Debug|Any CPU
		{73E1B02C-ED96-45CD-9439-8B939C0A5487}.Debug|x64.Build.0 = Debug|Any CPU
		{73E1B02C-ED96-45CD-9439-8B939C0A5487}.Debug|x86.ActiveCfg = Debug|Any CPU
		{73E1B02C-ED96-45CD-9439-8B939C0A5487}.Debug|x86.Build.0 = Debug|Any CPU
		{73E1B02C-ED96-45CD-9439-8B939C0A5487}.Release|Any CPU.ActiveCfg = Release|Any CPU
		{73E1B02C-ED96-45CD-9439-8B939C0A5487}.Release|Any CPU.Build.0 = Release|Any CPU
		{73E1B02C-ED96-45CD-9439-8B939C0A5487}.Release|x64.ActiveCfg = Release|Any CPU
		{73E1B02C-ED96-45CD-9439-8B939C0A5487}.Release|x64.Build.0 = Release|Any CPU
		{73E1B02C-ED96-45CD-9439-8B939C0A5487}.Release|x86.ActiveCfg = Release|Any CPU
		{73E1B02C-ED96-45CD-9439-8B939C0A5487}.Release|x86.Build.0 = Release|Any CPU
		{A5BFA0F4-BEC0-4460-9AFB-0773E20F168F}.Debug|Any CPU.ActiveCfg = Debug|Any CPU
		{A5BFA0F4-BEC0-4460-9AFB-0773E20F168F}.Debug|Any CPU.Build.0 = Debug|Any CPU
		{A5BFA0F4-BEC0-4460-9AFB-0773E20F168F}.Debug|x64.ActiveCfg = Debug|Any CPU
		{A5BFA0F4-BEC0-4460-9AFB-0773E20F168F}.Debug|x64.Build.0 = Debug|Any CPU
		{A5BFA0F4-BEC0-4460-9AFB-0773E20F168F}.Debug|x86.ActiveCfg = Debug|Any CPU
		{A5BFA0F4-BEC0-4460-9AFB-0773E20F168F}.Debug|x86.Build.0 = Debug|Any CPU
		{A5BFA0F4-BEC0-4460-9AFB-0773E20F168F}.Release|Any CPU.ActiveCfg = Release|Any CPU
		{A5BFA0F4-BEC0-4460-9AFB-0773E20F168F}.Release|Any CPU.Build.0 = Release|Any CPU
		{A5BFA0F4-BEC0-4460-9AFB-0773E20F168F}.Release|x64.ActiveCfg = Release|Any CPU
		{A5BFA0F4-BEC0-4460-9AFB-0773E20F168F}.Release|x64.Build.0 = Release|Any CPU
		{A5BFA0F4-BEC0-4460-9AFB-0773E20F168F}.Release|x86.ActiveCfg = Release|Any CPU
		{A5BFA0F4-BEC0-4460-9AFB-0773E20F168F}.Release|x86.Build.0 = Release|Any CPU
		{58F5B095-4A98-4202-B8B0-58FECA2ACF9B}.Debug|Any CPU.ActiveCfg = Debug|Any CPU
		{58F5B095-4A98-4202-B8B0-58FECA2ACF9B}.Debug|Any CPU.Build.0 = Debug|Any CPU
		{58F5B095-4A98-4202-B8B0-58FECA2ACF9B}.Debug|x64.ActiveCfg = Debug|Any CPU
		{58F5B095-4A98-4202-B8B0-58FECA2ACF9B}.Debug|x64.Build.0 = Debug|Any CPU
		{58F5B095-4A98-4202-B8B0-58FECA2ACF9B}.Debug|x86.ActiveCfg = Debug|Any CPU
		{58F5B095-4A98-4202-B8B0-58FECA2ACF9B}.Debug|x86.Build.0 = Debug|Any CPU
		{58F5B095-4A98-4202-B8B0-58FECA2ACF9B}.Release|Any CPU.ActiveCfg = Release|Any CPU
		{58F5B095-4A98-4202-B8B0-58FECA2ACF9B}.Release|Any CPU.Build.0 = Release|Any CPU
		{58F5B095-4A98-4202-B8B0-58FECA2ACF9B}.Release|x64.ActiveCfg = Release|Any CPU
		{58F5B095-4A98-4202-B8B0-58FECA2ACF9B}.Release|x64.Build.0 = Release|Any CPU
		{58F5B095-4A98-4202-B8B0-58FECA2ACF9B}.Release|x86.ActiveCfg = Release|Any CPU
		{58F5B095-4A98-4202-B8B0-58FECA2ACF9B}.Release|x86.Build.0 = Release|Any CPU
		{9CE07260-7260-405D-9C47-536569FC3EA0}.Debug|Any CPU.ActiveCfg = Debug|Any CPU
		{9CE07260-7260-405D-9C47-536569FC3EA0}.Debug|Any CPU.Build.0 = Debug|Any CPU
		{9CE07260-7260-405D-9C47-536569FC3EA0}.Debug|x64.ActiveCfg = Debug|Any CPU
		{9CE07260-7260-405D-9C47-536569FC3EA0}.Debug|x64.Build.0 = Debug|Any CPU
		{9CE07260-7260-405D-9C47-536569FC3EA0}.Debug|x86.ActiveCfg = Debug|Any CPU
		{9CE07260-7260-405D-9C47-536569FC3EA0}.Debug|x86.Build.0 = Debug|Any CPU
		{9CE07260-7260-405D-9C47-536569FC3EA0}.Release|Any CPU.ActiveCfg = Release|Any CPU
		{9CE07260-7260-405D-9C47-536569FC3EA0}.Release|Any CPU.Build.0 = Release|Any CPU
		{9CE07260-7260-405D-9C47-536569FC3EA0}.Release|x64.ActiveCfg = Release|Any CPU
		{9CE07260-7260-405D-9C47-536569FC3EA0}.Release|x64.Build.0 = Release|Any CPU
		{9CE07260-7260-405D-9C47-536569FC3EA0}.Release|x86.ActiveCfg = Release|Any CPU
		{9CE07260-7260-405D-9C47-536569FC3EA0}.Release|x86.Build.0 = Release|Any CPU
	EndGlobalSection
	GlobalSection(SolutionProperties) = preSolution
		HideSolutionNode = FALSE
	EndGlobalSection
	GlobalSection(ExtensibilityGlobals) = postSolution
		SolutionGuid = {2DB0A771-32D0-460B-919A-EE9B7EFFA933}
	EndGlobalSection
EndGlobal
